// !$*UTF8*$!
{
	archiveVersion = 1;
	classes = {
	};
	objectVersion = 50;
	objects = {

/* Begin PBXBuildFile section */
		BFC68B51258C721800269902 /* AppDelegate.swift in Sources */ = {isa = PBXBuildFile; fileRef = BFC68B50258C721800269902 /* AppDelegate.swift */; };
		BFC68B55258C721800269902 /* ViewController.swift in Sources */ = {isa = PBXBuildFile; fileRef = BFC68B54258C721800269902 /* ViewController.swift */; };
		BFC68B58258C721800269902 /* Main.storyboard in Resources */ = {isa = PBXBuildFile; fileRef = BFC68B56258C721800269902 /* Main.storyboard */; };
		BFC68B5A258C721A00269902 /* Assets.xcassets in Resources */ = {isa = PBXBuildFile; fileRef = BFC68B59258C721A00269902 /* Assets.xcassets */; };
		BFC68B5D258C721A00269902 /* LaunchScreen.storyboard in Resources */ = {isa = PBXBuildFile; fileRef = BFC68B5B258C721A00269902 /* LaunchScreen.storyboard */; };
/* End PBXBuildFile section */

/* Begin PBXFileReference section */
		BF16705A260A304C00C7E9CA /* en */ = {isa = PBXFileReference; lastKnownFileType = text.plist.strings; name = en; path = en.lproj/Main.strings; sourceTree = "<group>"; };
		BF16705B260A304C00C7E9CA /* en */ = {isa = PBXFileReference; lastKnownFileType = text.plist.strings; name = en; path = en.lproj/LaunchScreen.strings; sourceTree = "<group>"; };
		BFC68B4D258C721800269902 /* VolumeWatch.app */ = {isa = PBXFileReference; explicitFileType = wrapper.application; includeInIndex = 0; path = VolumeWatch.app; sourceTree = BUILT_PRODUCTS_DIR; };
		BFC68B50258C721800269902 /* AppDelegate.swift */ = {isa = PBXFileReference; lastKnownFileType = sourcecode.swift; name = AppDelegate.swift; path = "/Users/jun/Develop/Volume-Watch/VolumeWatch/AppDelegate.swift"; sourceTree = "<absolute>"; };
		BFC68B54258C721800269902 /* ViewController.swift */ = {isa = PBXFileReference; lastKnownFileType = sourcecode.swift; path = ViewController.swift; sourceTree = "<group>"; };
		BFC68B57258C721800269902 /* Base */ = {isa = PBXFileReference; lastKnownFileType = file.storyboard; name = Base; path = Base.lproj/Main.storyboard; sourceTree = "<group>"; };
		BFC68B59258C721A00269902 /* Assets.xcassets */ = {isa = PBXFileReference; lastKnownFileType = folder.assetcatalog; path = Assets.xcassets; sourceTree = "<group>"; };
		BFC68B5C258C721A00269902 /* Base */ = {isa = PBXFileReference; lastKnownFileType = file.storyboard; name = Base; path = Base.lproj/LaunchScreen.storyboard; sourceTree = "<group>"; };
		BFC68B5E258C721A00269902 /* Info.plist */ = {isa = PBXFileReference; lastKnownFileType = text.plist.xml; path = Info.plist; sourceTree = "<group>"; };
/* End PBXFileReference section */

/* Begin PBXFrameworksBuildPhase section */
		BFC68B4A258C721800269902 /* Frameworks */ = {
			isa = PBXFrameworksBuildPhase;
			buildActionMask = 2147483647;
			files = (
			);
			runOnlyForDeploymentPostprocessing = 0;
		};
/* End PBXFrameworksBuildPhase section */

/* Begin PBXGroup section */
		BFC68B44258C721800269902 = {
			isa = PBXGroup;
			children = (
				BFC68B4F258C721800269902 /* VolumeWatch */,
				BFC68B4E258C721800269902 /* Products */,
			);
			sourceTree = "<group>";
		};
		BFC68B4E258C721800269902 /* Products */ = {
			isa = PBXGroup;
			children = (
				BFC68B4D258C721800269902 /* VolumeWatch.app */,
			);
			name = Products;
			sourceTree = "<group>";
		};
		BFC68B4F258C721800269902 /* VolumeWatch */ = {
			isa = PBXGroup;
			children = (
				BFC68B50258C721800269902 /* AppDelegate.swift */,
				BFC68B54258C721800269902 /* ViewController.swift */,
				BFC68B56258C721800269902 /* Main.storyboard */,
				BFC68B59258C721A00269902 /* Assets.xcassets */,
				BFC68B5B258C721A00269902 /* LaunchScreen.storyboard */,
				BFC68B5E258C721A00269902 /* Info.plist */,
			);
			name = VolumeWatch;
			path = "/Users/jun/Develop/Volume-Watch/VolumeWatch";
			sourceTree = "<absolute>";
		};
/* End PBXGroup section */

/* Begin PBXNativeTarget section */
		BFC68B4C258C721800269902 /* VolumeWatch */ = {
			isa = PBXNativeTarget;
			buildConfigurationList = BFC68B61258C721A00269902 /* Build configuration list for PBXNativeTarget "VolumeWatch" */;
			buildPhases = (
				BFC68B49258C721800269902 /* Sources */,
				BFC68B4A258C721800269902 /* Frameworks */,
				BFC68B4B258C721800269902 /* Resources */,
			);
			buildRules = (
			);
			dependencies = (
			);
			name = VolumeWatch;
			productName = PhysicalButtonWatch_storyboard;
			productReference = BFC68B4D258C721800269902 /* VolumeWatch.app */;
			productType = "com.apple.product-type.application";
		};
/* End PBXNativeTarget section */

/* Begin PBXProject section */
		BFC68B45258C721800269902 /* Project object */ = {
			isa = PBXProject;
			attributes = {
				LastSwiftUpdateCheck = 1220;
				LastUpgradeCheck = 1220;
				TargetAttributes = {
					BFC68B4C258C721800269902 = {
						CreatedOnToolsVersion = 12.2;
					};
				};
			};
			buildConfigurationList = BFC68B48258C721800269902 /* Build configuration list for PBXProject "VolumeWatch" */;
			compatibilityVersion = "Xcode 9.3";
			developmentRegion = ja;
			hasScannedForEncodings = 0;
			knownRegions = (
				ja,
				Base,
				en,
			);
			mainGroup = BFC68B44258C721800269902;
			productRefGroup = BFC68B4E258C721800269902 /* Products */;
			projectDirPath = "";
			projectRoot = "";
			targets = (
				BFC68B4C258C721800269902 /* VolumeWatch */,
			);
		};
/* End PBXProject section */

/* Begin PBXResourcesBuildPhase section */
		BFC68B4B258C721800269902 /* Resources */ = {
			isa = PBXResourcesBuildPhase;
			buildActionMask = 2147483647;
			files = (
				BFC68B5D258C721A00269902 /* LaunchScreen.storyboard in Resources */,
				BFC68B5A258C721A00269902 /* Assets.xcassets in Resources */,
				BFC68B58258C721800269902 /* Main.storyboard in Resources */,
			);
			runOnlyForDeploymentPostprocessing = 0;
		};
/* End PBXResourcesBuildPhase section */

/* Begin PBXSourcesBuildPhase section */
		BFC68B49258C721800269902 /* Sources */ = {
			isa = PBXSourcesBuildPhase;
			buildActionMask = 2147483647;
			files = (
				BFC68B55258C721800269902 /* ViewController.swift in Sources */,
				BFC68B51258C721800269902 /* AppDelegate.swift in Sources */,
			);
			runOnlyForDeploymentPostprocessing = 0;
		};
/* End PBXSourcesBuildPhase section */

/* Begin PBXVariantGroup section */
		BFC68B56258C721800269902 /* Main.storyboard */ = {
			isa = PBXVariantGroup;
			children = (
				BFC68B57258C721800269902 /* Base */,
				BF16705A260A304C00C7E9CA /* en */,
			);
			name = Main.storyboard;
			sourceTree = "<group>";
		};
		BFC68B5B258C721A00269902 /* LaunchScreen.storyboard */ = {
			isa = PBXVariantGroup;
			children = (
				BFC68B5C258C721A00269902 /* Base */,
				BF16705B260A304C00C7E9CA /* en */,
			);
			name = LaunchScreen.storyboard;
			sourceTree = "<group>";
		};
/* End PBXVariantGroup section */

/* Begin XCBuildConfiguration section */
		BFC68B5F258C721A00269902 /* Debug */ = {
			isa = XCBuildConfiguration;
			buildSettings = {
				ALWAYS_SEARCH_USER_PATHS = NO;
				CLANG_ANALYZER_LOCALIZABILITY_NONLOCALIZED = YES;
				CLANG_ANALYZER_NONNULL = YES;
				CLANG_ANALYZER_NUMBER_OBJECT_CONVERSION = YES_AGGRESSIVE;
				CLANG_CXX_LANGUAGE_STANDARD = "gnu++14";
				CLANG_CXX_LIBRARY = "libc++";
				CLANG_ENABLE_MODULES = YES;
				CLANG_ENABLE_OBJC_ARC = YES;
				CLANG_ENABLE_OBJC_WEAK = YES;
				CLANG_WARN_BLOCK_CAPTURE_AUTORELEASING = YES;
				CLANG_WARN_BOOL_CONVERSION = YES;
				CLANG_WARN_COMMA = YES;
				CLANG_WARN_CONSTANT_CONVERSION = YES;
				CLANG_WARN_DEPRECATED_OBJC_IMPLEMENTATIONS = YES;
				CLANG_WARN_DIRECT_OBJC_ISA_USAGE = YES_ERROR;
				CLANG_WARN_DOCUMENTATION_COMMENTS = YES;
				CLANG_WARN_EMPTY_BODY = YES;
				CLANG_WARN_ENUM_CONVERSION = YES;
				CLANG_WARN_INFINITE_RECURSION = YES;
				CLANG_WARN_INT_CONVERSION = YES;
				CLANG_WARN_NON_LITERAL_NULL_CONVERSION = YES;
				CLANG_WARN_OBJC_IMPLICIT_RETAIN_SELF = YES;
				CLANG_WARN_OBJC_LITERAL_CONVERSION = YES;
				CLANG_WARN_OBJC_ROOT_CLASS = YES_ERROR;
				CLANG_WARN_QUOTED_INCLUDE_IN_FRAMEWORK_HEADER = YES;
				CLANG_WARN_RANGE_LOOP_ANALYSIS = YES;
				CLANG_WARN_STRICT_PROTOTYPES = YES;
				CLANG_WARN_SUSPICIOUS_MOVE = YES;
				CLANG_WARN_UNGUARDED_AVAILABILITY = YES_AGGRESSIVE;
				CLANG_WARN_UNREACHABLE_CODE = YES;
				CLANG_WARN__DUPLICATE_METHOD_MATCH = YES;
				COPY_PHASE_STRIP = NO;
				DEBUG_INFORMATION_FORMAT = dwarf;
				ENABLE_STRICT_OBJC_MSGSEND = YES;
				ENABLE_TESTABILITY = YES;
				GCC_C_LANGUAGE_STANDARD = gnu11;
				GCC_DYNAMIC_NO_PIC = NO;
				GCC_NO_COMMON_BLOCKS = YES;
				GCC_OPTIMIZATION_LEVEL = 0;
				GCC_PREPROCESSOR_DEFINITIONS = (
					"DEBUG=1",
					"$(inherited)",
				);
				GCC_WARN_64_TO_32_BIT_CONVERSION = YES;
				GCC_WARN_ABOUT_RETURN_TYPE = YES_ERROR;
				GCC_WARN_UNDECLARED_SELECTOR = YES;
				GCC_WARN_UNINITIALIZED_AUTOS = YES_AGGRESSIVE;
				GCC_WARN_UNUSED_FUNCTION = YES;
				GCC_WARN_UNUSED_VARIABLE = YES;
				IPHONEOS_DEPLOYMENT_TARGET = 14.2;
				MTL_ENABLE_DEBUG_INFO = INCLUDE_SOURCE;
				MTL_FAST_MATH = YES;
				ONLY_ACTIVE_ARCH = YES;
				SDKROOT = iphoneos;
				SWIFT_ACTIVE_COMPILATION_CONDITIONS = DEBUG;
				SWIFT_OPTIMIZATION_LEVEL = "-Onone";
			};
			name = Debug;
		};
		BFC68B60258C721A00269902 /* Release */ = {
			isa = XCBuildConfiguration;
			buildSettings = {
				ALWAYS_SEARCH_USER_PATHS = NO;
				CLANG_ANALYZER_LOCALIZABILITY_NONLOCALIZED = YES;
				CLANG_ANALYZER_NONNULL = YES;
				CLANG_ANALYZER_NUMBER_OBJECT_CONVERSION = YES_AGGRESSIVE;
				CLANG_CXX_LANGUAGE_STANDARD = "gnu++14";
				CLANG_CXX_LIBRARY = "libc++";
				CLANG_ENABLE_MODULES = YES;
				CLANG_ENABLE_OBJC_ARC = YES;
				CLANG_ENABLE_OBJC_WEAK = YES;
				CLANG_WARN_BLOCK_CAPTURE_AUTORELEASING = YES;
				CLANG_WARN_BOOL_CONVERSION = YES;
				CLANG_WARN_COMMA = YES;
				CLANG_WARN_CONSTANT_CONVERSION = YES;
				CLANG_WARN_DEPRECATED_OBJC_IMPLEMENTATIONS = YES;
				CLANG_WARN_DIRECT_OBJC_ISA_USAGE = YES_ERROR;
				CLANG_WARN_DOCUMENTATION_COMMENTS = YES;
				CLANG_WARN_EMPTY_BODY = YES;
				CLANG_WARN_ENUM_CONVERSION = YES;
				CLANG_WARN_INFINITE_RECURSION = YES;
				CLANG_WARN_INT_CONVERSION = YES;
				CLANG_WARN_NON_LITERAL_NULL_CONVERSION = YES;
				CLANG_WARN_OBJC_IMPLICIT_RETAIN_SELF = YES;
				CLANG_WARN_OBJC_LITERAL_CONVERSION = YES;
				CLANG_WARN_OBJC_ROOT_CLASS = YES_ERROR;
				CLANG_WARN_QUOTED_INCLUDE_IN_FRAMEWORK_HEADER = YES;
				CLANG_WARN_RANGE_LOOP_ANALYSIS = YES;
				CLANG_WARN_STRICT_PROTOTYPES = YES;
				CLANG_WARN_SUSPICIOUS_MOVE = YES;
				CLANG_WARN_UNGUARDED_AVAILABILITY = YES_AGGRESSIVE;
				CLANG_WARN_UNREACHABLE_CODE = YES;
				CLANG_WARN__DUPLICATE_METHOD_MATCH = YES;
				COPY_PHASE_STRIP = NO;
				DEBUG_INFORMATION_FORMAT = "dwarf-with-dsym";
				ENABLE_NS_ASSERTIONS = NO;
				ENABLE_STRICT_OBJC_MSGSEND = YES;
				GCC_C_LANGUAGE_STANDARD = gnu11;
				GCC_NO_COMMON_BLOCKS = YES;
				GCC_WARN_64_TO_32_BIT_CONVERSION = YES;
				GCC_WARN_ABOUT_RETURN_TYPE = YES_ERROR;
				GCC_WARN_UNDECLARED_SELECTOR = YES;
				GCC_WARN_UNINITIALIZED_AUTOS = YES_AGGRESSIVE;
				GCC_WARN_UNUSED_FUNCTION = YES;
				GCC_WARN_UNUSED_VARIABLE = YES;
				IPHONEOS_DEPLOYMENT_TARGET = 14.2;
				MTL_ENABLE_DEBUG_INFO = NO;
				MTL_FAST_MATH = YES;
				SDKROOT = iphoneos;
				SWIFT_COMPILATION_MODE = wholemodule;
				SWIFT_OPTIMIZATION_LEVEL = "-O";
				VALIDATE_PRODUCT = YES;
			};
			name = Release;
		};
		BFC68B62258C721A00269902 /* Debug */ = {
			isa = XCBuildConfiguration;
			buildSettings = {
				ASSETCATALOG_COMPILER_APPICON_NAME = AppIcon;
				ASSETCATALOG_COMPILER_GLOBAL_ACCENT_COLOR_NAME = AccentColor;
				CODE_SIGN_STYLE = Automatic;
				CURRENT_PROJECT_VERSION = 1.2.1.1;
				DEVELOPMENT_TEAM = VZBG2DMPDR;
				INFOPLIST_FILE = "$(SRCROOT)/VolumeWatch/Info.plist";
				LD_RUNPATH_SEARCH_PATHS = (
					"$(inherited)",
					"@executable_path/Frameworks",
				);
				MARKETING_VERSION = 1.2.1;
				PRODUCT_BUNDLE_IDENTIFIER = com.ogijun.PhysicalButtonWatch;
				PRODUCT_NAME = "$(TARGET_NAME)";
				SWIFT_VERSION = 5.0;
				TARGETED_DEVICE_FAMILY = "1,2";
			};
			name = Debug;
		};
		BFC68B63258C721A00269902 /* Release */ = {
			isa = XCBuildConfiguration;
			buildSettings = {
				ASSETCATALOG_COMPILER_APPICON_NAME = AppIcon;
				ASSETCATALOG_COMPILER_GLOBAL_ACCENT_COLOR_NAME = AccentColor;
				CODE_SIGN_STYLE = Automatic;
				CURRENT_PROJECT_VERSION = 1.2.1.1;
				DEVELOPMENT_TEAM = VZBG2DMPDR;
				INFOPLIST_FILE = "$(SRCROOT)/VolumeWatch/Info.plist";
				LD_RUNPATH_SEARCH_PATHS = (
					"$(inherited)",
					"@executable_path/Frameworks",
				);
				MARKETING_VERSION = 1.2.1;
				PRODUCT_BUNDLE_IDENTIFIER = com.ogijun.PhysicalButtonWatch;
				PRODUCT_NAME = "$(TARGET_NAME)";
				SWIFT_VERSION = 5.0;
				TARGETED_DEVICE_FAMILY = "1,2";
			};
			name = Release;
		};
/* End XCBuildConfiguration section */

/* Begin XCConfigurationList section */
		BFC68B48258C721800269902 /* Build configuration list for PBXProject "VolumeWatch" */ = {
			isa = XCConfigurationList;
			buildConfigurations = (
				BFC68B5F258C721A00269902 /* Debug */,
				BFC68B60258C721A00269902 /* Release */,
			);
			defaultConfigurationIsVisible = 0;
			defaultConfigurationName = Release;
		};
		BFC68B61258C721A00269902 /* Build configuration list for PBXNativeTarget "VolumeWatch" */ = {
			isa = XCConfigurationList;
			buildConfigurations = (
				BFC68B62258C721A00269902 /* Debug */,
				BFC68B63258C721A00269902 /* Release */,
			);
			defaultConfigurationIsVisible = 0;
			defaultConfigurationName = Release;
		};
/* End XCConfigurationList section */
	};
	rootObject = BFC68B45258C721800269902 /* Project object */;
}
